PODS:
  - Flutter (1.0.0)
  - integration_test (0.0.1):
    - Flutter
  - mikey_state (0.0.1):
    - Flutter

DEPENDENCIES:
  - Flutter (from `Flutter`)
  - integration_test (from `.symlinks/plugins/integration_test/ios`)
  - mikey_state (from `.symlinks/plugins/mikey_state/ios`)

EXTERNAL SOURCES:
  Flutter:
    :path: Flutter
  integration_test:
    :path: ".symlinks/plugins/integration_test/ios"
  mikey_state:
    :path: ".symlinks/plugins/mikey_state/ios"

SPEC CHECKSUMS:
  Flutter: e0871f40cf51350855a761d2e70bf5af5b9b5de7
  integration_test: 252f60fa39af5e17c3aa9899d35d908a0721b573
  mikey_state: 1bead22528b4ea5238853c14b4c9321e68d3f351

PODFILE CHECKSUM: 819463e6a0290f5a72f145ba7cde16e8b6ef0796

COCOAPODS: 1.16.2
